
Microsoft Visual Studio Solution File, Format Version 12.00
# Visual Studio Version 16
VisualStudioVersion = 16.0.31005.135
MinimumVisualStudioVersion = 10.0.40219.1
Project("{FAE04EC0-301F-11D3-BF4B-00C04F79EFBC}") = "WorkoutApp.WebMVC", "WorkoutApp.WebMVC\WorkoutApp.WebMVC.csproj", "{AAD198E1-B386-4341-8794-24D1B88EA970}"
EndProject
Project("{FAE04EC0-301F-11D3-BF4B-00C04F79EFBC}") = "WorkoutApp.Data", "WorkoutApp.Data\WorkoutApp.Data.csproj", "{9CBD96A4-5807-4293-8250-DD4F403CC4B9}"
EndProject
Project("{FAE04EC0-301F-11D3-BF4B-00C04F79EFBC}") = "WorkoutApp.Models", "WorkoutApp.Models\WorkoutApp.Models.csproj", "{B38F1331-38EE-48DE-A172-D4EA6960B8D9}"
EndProject
Project("{FAE04EC0-301F-11D3-BF4B-00C04F79EFBC}") = "WorkoutApp.Services", "WorkoutApp.Services\WorkoutApp.Services.csproj", "{72F28DC2-C97D-48D2-8E44-DA890C07614A}"
EndProject
Global
	GlobalSection(SolutionConfigurationPlatforms) = preSolution
		Debug|Any CPU = Debug|Any CPU
		Release|Any CPU = Release|Any CPU
	EndGlobalSection
	GlobalSection(ProjectConfigurationPlatforms) = postSolution
		{AAD198E1-B386-4341-8794-24D1B88EA970}.Debug|Any CPU.ActiveCfg = Debug|Any CPU
		{AAD198E1-B386-4341-8794-24D1B88EA970}.Debug|Any CPU.Build.0 = Debug|Any CPU
		{AAD198E1-B386-4341-8794-24D1B88EA970}.Release|Any CPU.ActiveCfg = Release|Any CPU
		{AAD198E1-B386-4341-8794-24D1B88EA970}.Release|Any CPU.Build.0 = Release|Any CPU
		{9CBD96A4-5807-4293-8250-DD4F403CC4B9}.Debug|Any CPU.ActiveCfg = Debug|Any CPU
		{9CBD96A4-5807-4293-8250-DD4F403CC4B9}.Debug|Any CPU.Build.0 = Debug|Any CPU
		{9CBD96A4-5807-4293-8250-DD4F403CC4B9}.Release|Any CPU.ActiveCfg = Release|Any CPU
		{9CBD96A4-5807-4293-8250-DD4F403CC4B9}.Release|Any CPU.Build.0 = Release|Any CPU
		{B38F1331-38EE-48DE-A172-D4EA6960B8D9}.Debug|Any CPU.ActiveCfg = Debug|Any CPU
		{B38F1331-38EE-48DE-A172-D4EA6960B8D9}.Debug|Any CPU.Build.0 = Debug|Any CPU
		{B38F1331-38EE-48DE-A172-D4EA6960B8D9}.Release|Any CPU.ActiveCfg = Release|Any CPU
		{B38F1331-38EE-48DE-A172-D4EA6960B8D9}.Release|Any CPU.Build.0 = Release|Any CPU
		{72F28DC2-C97D-48D2-8E44-DA890C07614A}.Debug|Any CPU.ActiveCfg = Debug|Any CPU
		{72F28DC2-C97D-48D2-8E44-DA890C07614A}.Debug|Any CPU.Build.0 = Debug|Any CPU
		{72F28DC2-C97D-48D2-8E44-DA890C07614A}.Release|Any CPU.ActiveCfg = Release|Any CPU
		{72F28DC2-C97D-48D2-8E44-DA890C07614A}.Release|Any CPU.Build.0 = Release|Any CPU
	EndGlobalSection
	GlobalSection(SolutionProperties) = preSolution
		HideSolutionNode = FALSE
	EndGlobalSection
	GlobalSection(ExtensibilityGlobals) = postSolution
		SolutionGuid = {CE064C20-7585-43C0-937C-C91E6B2150DD}
	EndGlobalSection
EndGlobal
